// !$*UTF8*$!
{
	archiveVersion = 1;
	classes = {
	};
	objectVersion = 50;
	objects = {

/* Begin PBXBuildFile section */
		71407CCC267C7CA600AEDCDA /* BadgeSymbol.swift in Sources */ = {isa = PBXBuildFile; fileRef = 71407CCB267C7CA600AEDCDA /* BadgeSymbol.swift */; };
		71407CD1267C7FB300AEDCDA /* RotatedBadgeSymbol.swift in Sources */ = {isa = PBXBuildFile; fileRef = 71407CD0267C7FB300AEDCDA /* RotatedBadgeSymbol.swift */; };
		71407CD6267C805000AEDCDA /* Badge.swift in Sources */ = {isa = PBXBuildFile; fileRef = 71407CD5267C805000AEDCDA /* Badge.swift */; };
		71407CDB267C856800AEDCDA /* Hike.swift in Sources */ = {isa = PBXBuildFile; fileRef = 71407CDA267C856800AEDCDA /* Hike.swift */; };
		71407CE0267C867500AEDCDA /* hikeData.json in Resources */ = {isa = PBXBuildFile; fileRef = 71407CDF267C867500AEDCDA /* hikeData.json */; };
		71407CED267C88B700AEDCDA /* HikeView.swift in Sources */ = {isa = PBXBuildFile; fileRef = 71407CEC267C88B700AEDCDA /* HikeView.swift */; };
		71407CF2267C893400AEDCDA /* HikeGraph.swift in Sources */ = {isa = PBXBuildFile; fileRef = 71407CF1267C893400AEDCDA /* HikeGraph.swift */; };
		71D07004267AF74A00529A69 /* LandmarksAppApp.swift in Sources */ = {isa = PBXBuildFile; fileRef = 71D07003267AF74A00529A69 /* LandmarksAppApp.swift */; };
		71D07006267AF74A00529A69 /* ContentView.swift in Sources */ = {isa = PBXBuildFile; fileRef = 71D07005267AF74A00529A69 /* ContentView.swift */; };
		71D07008267AF74C00529A69 /* Assets.xcassets in Resources */ = {isa = PBXBuildFile; fileRef = 71D07007267AF74C00529A69 /* Assets.xcassets */; };
		71D0700B267AF74C00529A69 /* Preview Assets.xcassets in Resources */ = {isa = PBXBuildFile; fileRef = 71D0700A267AF74C00529A69 /* Preview Assets.xcassets */; };
		71D07016267AF74D00529A69 /* LandmarksAppTests.swift in Sources */ = {isa = PBXBuildFile; fileRef = 71D07015267AF74D00529A69 /* LandmarksAppTests.swift */; };
		71D07021267AF74D00529A69 /* LandmarksAppUITests.swift in Sources */ = {isa = PBXBuildFile; fileRef = 71D07020267AF74D00529A69 /* LandmarksAppUITests.swift */; };
		71D07032267AFB2F00529A69 /* CircleImage.swift in Sources */ = {isa = PBXBuildFile; fileRef = 71D07031267AFB2F00529A69 /* CircleImage.swift */; };
		71D07037267AFCD200529A69 /* MapView.swift in Sources */ = {isa = PBXBuildFile; fileRef = 71D07036267AFCD200529A69 /* MapView.swift */; };
		71D07045267B232100529A69 /* Landmark.swift in Sources */ = {isa = PBXBuildFile; fileRef = 71D07044267B232100529A69 /* Landmark.swift */; };
		71D0704B267B239B00529A69 /* landmarkData.json in Resources */ = {isa = PBXBuildFile; fileRef = 71D0704A267B239B00529A69 /* landmarkData.json */; };
		71D0706B267B23B200529A69 /* LICENSE.txt in Resources */ = {isa = PBXBuildFile; fileRef = 71D0706A267B23B200529A69 /* LICENSE.txt */; };
		71D07073267B2BE600529A69 /* ModelData.swift in Sources */ = {isa = PBXBuildFile; fileRef = 71D07072267B2BE600529A69 /* ModelData.swift */; };
		71D0707C267B2E6900529A69 /* LandmarkRow.swift in Sources */ = {isa = PBXBuildFile; fileRef = 71D0707B267B2E6900529A69 /* LandmarkRow.swift */; };
		71D07081267B325000529A69 /* LandmarkList.swift in Sources */ = {isa = PBXBuildFile; fileRef = 71D07080267B325000529A69 /* LandmarkList.swift */; };
		71D07086267B352A00529A69 /* LandmarkDetail.swift in Sources */ = {isa = PBXBuildFile; fileRef = 71D07085267B352A00529A69 /* LandmarkDetail.swift */; };
		71D0708B267B629800529A69 /* FavoriteButton.swift in Sources */ = {isa = PBXBuildFile; fileRef = 71D0708A267B629700529A69 /* FavoriteButton.swift */; };
		71D07098267C3D1600529A69 /* HexagonParameters.swift in Sources */ = {isa = PBXBuildFile; fileRef = 71D07097267C3D1600529A69 /* HexagonParameters.swift */; };
		71D0709D267C3FCA00529A69 /* BadgeBackground.swift in Sources */ = {isa = PBXBuildFile; fileRef = 71D0709C267C3FCA00529A69 /* BadgeBackground.swift */; };
		71DF87E0268098500095F474 /* HikeDetail.swift in Sources */ = {isa = PBXBuildFile; fileRef = 71DF87DF268098500095F474 /* HikeDetail.swift */; };
		71DF87E526809AC80095F474 /* GraphCapsule.swift in Sources */ = {isa = PBXBuildFile; fileRef = 71DF87E426809AC80095F474 /* GraphCapsule.swift */; };
		71DF87EE2680A1840095F474 /* CategoryHome.swift in Sources */ = {isa = PBXBuildFile; fileRef = 71DF87ED2680A1840095F474 /* CategoryHome.swift */; };
		71DF87F32680E2A30095F474 /* CategoryRow.swift in Sources */ = {isa = PBXBuildFile; fileRef = 71DF87F22680E2A30095F474 /* CategoryRow.swift */; };
		71DF87F82680F01A0095F474 /* CategoryItem.swift in Sources */ = {isa = PBXBuildFile; fileRef = 71DF87F72680F01A0095F474 /* CategoryItem.swift */; };
		71DF88062681AE050095F474 /* Profile.swift in Sources */ = {isa = PBXBuildFile; fileRef = 71DF88052681AE050095F474 /* Profile.swift */; };
		71DF880C2681AF610095F474 /* ProfileHost.swift in Sources */ = {isa = PBXBuildFile; fileRef = 71DF880B2681AF610095F474 /* ProfileHost.swift */; };
		71DF88142681AFF10095F474 /* ProfileSummary.swift in Sources */ = {isa = PBXBuildFile; fileRef = 71DF88132681AFF10095F474 /* ProfileSummary.swift */; };
		71DF88192681B2060095F474 /* HikeBadge.swift in Sources */ = {isa = PBXBuildFile; fileRef = 71DF88182681B2060095F474 /* HikeBadge.swift */; };
		71DF881E2681BDD70095F474 /* ProfileEditor.swift in Sources */ = {isa = PBXBuildFile; fileRef = 71DF881D2681BDD70095F474 /* ProfileEditor.swift */; };
		71DF88242681C7F70095F474 /* PageViewController.swift in Sources */ = {isa = PBXBuildFile; fileRef = 71DF88232681C7F70095F474 /* PageViewController.swift */; };
		71DF882C2681CAEC0095F474 /* FeatureCard.swift in Sources */ = {isa = PBXBuildFile; fileRef = 71DF882B2681CAEC0095F474 /* FeatureCard.swift */; };
		71DF88312681D1A80095F474 /* PageView.swift in Sources */ = {isa = PBXBuildFile; fileRef = 71DF88302681D1A80095F474 /* PageView.swift */; };
		71DF88362681DA910095F474 /* PageControl.swift in Sources */ = {isa = PBXBuildFile; fileRef = 71DF88352681DA910095F474 /* PageControl.swift */; };
/* End PBXBuildFile section */

/* Begin PBXContainerItemProxy section */
		71D07012267AF74D00529A69 /* PBXContainerItemProxy */ = {
			isa = PBXContainerItemProxy;
			containerPortal = 71D06FF8267AF74A00529A69 /* Project object */;
			proxyType = 1;
			remoteGlobalIDString = 71D06FFF267AF74A00529A69;
			remoteInfo = LandmarksApp;
		};
		71D0701D267AF74D00529A69 /* PBXContainerItemProxy */ = {
			isa = PBXContainerItemProxy;
			containerPortal = 71D06FF8267AF74A00529A69 /* Project object */;
			proxyType = 1;
			remoteGlobalIDString = 71D06FFF267AF74A00529A69;
			remoteInfo = LandmarksApp;
		};
/* End PBXContainerItemProxy section */

/* Begin PBXCopyFilesBuildPhase section */
		71BD530926848FCB00717AE2 /* Embed Watch Content */ = {
			isa = PBXCopyFilesBuildPhase;
			buildActionMask = 2147483647;
			dstPath = "$(CONTENTS_FOLDER_PATH)/Watch";
			dstSubfolderSpec = 16;
			files = (
			);
			name = "Embed Watch Content";
			runOnlyForDeploymentPostprocessing = 0;
		};
/* End PBXCopyFilesBuildPhase section */

/* Begin PBXFileReference section */
		71407CCB267C7CA600AEDCDA /* BadgeSymbol.swift */ = {isa = PBXFileReference; lastKnownFileType = sourcecode.swift; path = BadgeSymbol.swift; sourceTree = "<group>"; };
		71407CD0267C7FB300AEDCDA /* RotatedBadgeSymbol.swift */ = {isa = PBXFileReference; lastKnownFileType = sourcecode.swift; path = RotatedBadgeSymbol.swift; sourceTree = "<group>"; };
		71407CD5267C805000AEDCDA /* Badge.swift */ = {isa = PBXFileReference; lastKnownFileType = sourcecode.swift; path = Badge.swift; sourceTree = "<group>"; };
		71407CDA267C856800AEDCDA /* Hike.swift */ = {isa = PBXFileReference; lastKnownFileType = sourcecode.swift; path = Hike.swift; sourceTree = "<group>"; };
		71407CDF267C867500AEDCDA /* hikeData.json */ = {isa = PBXFileReference; fileEncoding = 4; lastKnownFileType = text.json; path = hikeData.json; sourceTree = "<group>"; };
		71407CEC267C88B700AEDCDA /* HikeView.swift */ = {isa = PBXFileReference; lastKnownFileType = sourcecode.swift; path = HikeView.swift; sourceTree = "<group>"; };
		71407CF1267C893400AEDCDA /* HikeGraph.swift */ = {isa = PBXFileReference; lastKnownFileType = sourcecode.swift; path = HikeGraph.swift; sourceTree = "<group>"; };
		71D07000267AF74A00529A69 /* LandmarksApp.app */ = {isa = PBXFileReference; explicitFileType = wrapper.application; includeInIndex = 0; path = LandmarksApp.app; sourceTree = BUILT_PRODUCTS_DIR; };
		71D07003267AF74A00529A69 /* LandmarksAppApp.swift */ = {isa = PBXFileReference; lastKnownFileType = sourcecode.swift; path = LandmarksAppApp.swift; sourceTree = "<group>"; };
		71D07005267AF74A00529A69 /* ContentView.swift */ = {isa = PBXFileReference; lastKnownFileType = sourcecode.swift; path = ContentView.swift; sourceTree = "<group>"; };
		71D07007267AF74C00529A69 /* Assets.xcassets */ = {isa = PBXFileReference; lastKnownFileType = folder.assetcatalog; path = Assets.xcassets; sourceTree = "<group>"; };
		71D0700A267AF74C00529A69 /* Preview Assets.xcassets */ = {isa = PBXFileReference; lastKnownFileType = folder.assetcatalog; path = "Preview Assets.xcassets"; sourceTree = "<group>"; };
		71D0700C267AF74C00529A69 /* Info.plist */ = {isa = PBXFileReference; lastKnownFileType = text.plist.xml; path = Info.plist; sourceTree = "<group>"; };
		71D07011267AF74D00529A69 /* LandmarksAppTests.xctest */ = {isa = PBXFileReference; explicitFileType = wrapper.cfbundle; includeInIndex = 0; path = LandmarksAppTests.xctest; sourceTree = BUILT_PRODUCTS_DIR; };
		71D07015267AF74D00529A69 /* LandmarksAppTests.swift */ = {isa = PBXFileReference; lastKnownFileType = sourcecode.swift; path = LandmarksAppTests.swift; sourceTree = "<group>"; };
		71D07017267AF74D00529A69 /* Info.plist */ = {isa = PBXFileReference; lastKnownFileType = text.plist.xml; path = Info.plist; sourceTree = "<group>"; };
		71D0701C267AF74D00529A69 /* LandmarksAppUITests.xctest */ = {isa = PBXFileReference; explicitFileType = wrapper.cfbundle; includeInIndex = 0; path = LandmarksAppUITests.xctest; sourceTree = BUILT_PRODUCTS_DIR; };
		71D07020267AF74D00529A69 /* LandmarksAppUITests.swift */ = {isa = PBXFileReference; lastKnownFileType = sourcecode.swift; path = LandmarksAppUITests.swift; sourceTree = "<group>"; };
		71D07022267AF74D00529A69 /* Info.plist */ = {isa = PBXFileReference; lastKnownFileType = text.plist.xml; path = Info.plist; sourceTree = "<group>"; };
		71D07031267AFB2F00529A69 /* CircleImage.swift */ = {isa = PBXFileReference; lastKnownFileType = sourcecode.swift; path = CircleImage.swift; sourceTree = "<group>"; };
		71D07036267AFCD200529A69 /* MapView.swift */ = {isa = PBXFileReference; lastKnownFileType = sourcecode.swift; path = MapView.swift; sourceTree = "<group>"; };
		71D07044267B232100529A69 /* Landmark.swift */ = {isa = PBXFileReference; lastKnownFileType = sourcecode.swift; path = Landmark.swift; sourceTree = "<group>"; };
		71D0704A267B239B00529A69 /* landmarkData.json */ = {isa = PBXFileReference; fileEncoding = 4; lastKnownFileType = text.json; path = landmarkData.json; sourceTree = "<group>"; };
		71D0706A267B23B200529A69 /* LICENSE.txt */ = {isa = PBXFileReference; fileEncoding = 4; lastKnownFileType = text; path = LICENSE.txt; sourceTree = "<group>"; };
		71D07072267B2BE600529A69 /* ModelData.swift */ = {isa = PBXFileReference; lastKnownFileType = sourcecode.swift; path = ModelData.swift; sourceTree = "<group>"; };
		71D0707B267B2E6900529A69 /* LandmarkRow.swift */ = {isa = PBXFileReference; lastKnownFileType = sourcecode.swift; path = LandmarkRow.swift; sourceTree = "<group>"; };
		71D07080267B325000529A69 /* LandmarkList.swift */ = {isa = PBXFileReference; lastKnownFileType = sourcecode.swift; path = LandmarkList.swift; sourceTree = "<group>"; };
		71D07085267B352A00529A69 /* LandmarkDetail.swift */ = {isa = PBXFileReference; lastKnownFileType = sourcecode.swift; path = LandmarkDetail.swift; sourceTree = "<group>"; };
		71D0708A267B629700529A69 /* FavoriteButton.swift */ = {isa = PBXFileReference; lastKnownFileType = sourcecode.swift; path = FavoriteButton.swift; sourceTree = "<group>"; };
		71D07097267C3D1600529A69 /* HexagonParameters.swift */ = {isa = PBXFileReference; lastKnownFileType = sourcecode.swift; path = HexagonParameters.swift; sourceTree = "<group>"; };
		71D0709C267C3FCA00529A69 /* BadgeBackground.swift */ = {isa = PBXFileReference; lastKnownFileType = sourcecode.swift; path = BadgeBackground.swift; sourceTree = "<group>"; };
		71DF87DF268098500095F474 /* HikeDetail.swift */ = {isa = PBXFileReference; lastKnownFileType = sourcecode.swift; path = HikeDetail.swift; sourceTree = "<group>"; };
		71DF87E426809AC80095F474 /* GraphCapsule.swift */ = {isa = PBXFileReference; lastKnownFileType = sourcecode.swift; path = GraphCapsule.swift; sourceTree = "<group>"; };
		71DF87ED2680A1840095F474 /* CategoryHome.swift */ = {isa = PBXFileReference; lastKnownFileType = sourcecode.swift; path = CategoryHome.swift; sourceTree = "<group>"; };
		71DF87F22680E2A30095F474 /* CategoryRow.swift */ = {isa = PBXFileReference; lastKnownFileType = sourcecode.swift; path = CategoryRow.swift; sourceTree = "<group>"; };
		71DF87F72680F01A0095F474 /* CategoryItem.swift */ = {isa = PBXFileReference; lastKnownFileType = sourcecode.swift; path = CategoryItem.swift; sourceTree = "<group>"; };
		71DF88052681AE050095F474 /* Profile.swift */ = {isa = PBXFileReference; lastKnownFileType = sourcecode.swift; path = Profile.swift; sourceTree = "<group>"; };
		71DF880B2681AF610095F474 /* ProfileHost.swift */ = {isa = PBXFileReference; lastKnownFileType = sourcecode.swift; path = ProfileHost.swift; sourceTree = "<group>"; };
		71DF88132681AFF10095F474 /* ProfileSummary.swift */ = {isa = PBXFileReference; lastKnownFileType = sourcecode.swift; path = ProfileSummary.swift; sourceTree = "<group>"; };
		71DF88182681B2060095F474 /* HikeBadge.swift */ = {isa = PBXFileReference; lastKnownFileType = sourcecode.swift; path = HikeBadge.swift; sourceTree = "<group>"; };
		71DF881D2681BDD70095F474 /* ProfileEditor.swift */ = {isa = PBXFileReference; lastKnownFileType = sourcecode.swift; path = ProfileEditor.swift; sourceTree = "<group>"; };
		71DF88232681C7F70095F474 /* PageViewController.swift */ = {isa = PBXFileReference; lastKnownFileType = sourcecode.swift; path = PageViewController.swift; sourceTree = "<group>"; };
		71DF882B2681CAEC0095F474 /* FeatureCard.swift */ = {isa = PBXFileReference; lastKnownFileType = sourcecode.swift; path = FeatureCard.swift; sourceTree = "<group>"; };
		71DF88302681D1A80095F474 /* PageView.swift */ = {isa = PBXFileReference; lastKnownFileType = sourcecode.swift; path = PageView.swift; sourceTree = "<group>"; };
		71DF88352681DA910095F474 /* PageControl.swift */ = {isa = PBXFileReference; lastKnownFileType = sourcecode.swift; path = PageControl.swift; sourceTree = "<group>"; };
/* End PBXFileReference section */

/* Begin PBXFrameworksBuildPhase section */
		71D06FFD267AF74A00529A69 /* Frameworks */ = {
			isa = PBXFrameworksBuildPhase;
			buildActionMask = 2147483647;
			files = (
			);
			runOnlyForDeploymentPostprocessing = 0;
		};
		71D0700E267AF74D00529A69 /* Frameworks */ = {
			isa = PBXFrameworksBuildPhase;
			buildActionMask = 2147483647;
			files = (
			);
			runOnlyForDeploymentPostprocessing = 0;
		};
		71D07019267AF74D00529A69 /* Frameworks */ = {
			isa = PBXFrameworksBuildPhase;
			buildActionMask = 2147483647;
			files = (
			);
			runOnlyForDeploymentPostprocessing = 0;
		};
/* End PBXFrameworksBuildPhase section */

/* Begin PBXGroup section */
		71407CC7267C784800AEDCDA /* Badges */ = {
			isa = PBXGroup;
			children = (
				71D07097267C3D1600529A69 /* HexagonParameters.swift */,
				71D0709C267C3FCA00529A69 /* BadgeBackground.swift */,
				71407CCB267C7CA600AEDCDA /* BadgeSymbol.swift */,
				71407CD0267C7FB300AEDCDA /* RotatedBadgeSymbol.swift */,
				71407CD5267C805000AEDCDA /* Badge.swift */,
			);
			path = Badges;
			sourceTree = "<group>";
		};
		71407CF7267C900F00AEDCDA /* Hikes */ = {
			isa = PBXGroup;
			children = (
				71407CEC267C88B700AEDCDA /* HikeView.swift */,
				71407CF1267C893400AEDCDA /* HikeGraph.swift */,
				71DF87DF268098500095F474 /* HikeDetail.swift */,
				71DF87E426809AC80095F474 /* GraphCapsule.swift */,
				71DF88182681B2060095F474 /* HikeBadge.swift */,
			);
			path = Hikes;
			sourceTree = "<group>";
		};
		71D06FF7267AF74A00529A69 = {
			isa = PBXGroup;
			children = (
				71D07002267AF74A00529A69 /* LandmarksApp */,
				71D07014267AF74D00529A69 /* LandmarksAppTests */,
				71D0701F267AF74D00529A69 /* LandmarksAppUITests */,
				71D07001267AF74A00529A69 /* Products */,
			);
			sourceTree = "<group>";
		};
		71D07001267AF74A00529A69 /* Products */ = {
			isa = PBXGroup;
			children = (
				71D07000267AF74A00529A69 /* LandmarksApp.app */,
				71D07011267AF74D00529A69 /* LandmarksAppTests.xctest */,
				71D0701C267AF74D00529A69 /* LandmarksAppUITests.xctest */,
			);
			name = Products;
			sourceTree = "<group>";
		};
		71D07002267AF74A00529A69 /* LandmarksApp */ = {
			isa = PBXGroup;
			children = (
				71D07003267AF74A00529A69 /* LandmarksAppApp.swift */,
				71D07077267B2DBB00529A69 /* Views */,
				71D07049267B238A00529A69 /* Resources */,
				71D0703B267B229C00529A69 /* Model */,
				71D07007267AF74C00529A69 /* Assets.xcassets */,
				71D0700C267AF74C00529A69 /* Info.plist */,
				71D07009267AF74C00529A69 /* Preview Content */,
			);
			path = LandmarksApp;
			sourceTree = "<group>";
		};
		71D07009267AF74C00529A69 /* Preview Content */ = {
			isa = PBXGroup;
			children = (
				71D0700A267AF74C00529A69 /* Preview Assets.xcassets */,
			);
			path = "Preview Content";
			sourceTree = "<group>";
		};
		71D07014267AF74D00529A69 /* LandmarksAppTests */ = {
			isa = PBXGroup;
			children = (
				71D07015267AF74D00529A69 /* LandmarksAppTests.swift */,
				71D07017267AF74D00529A69 /* Info.plist */,
			);
			path = LandmarksAppTests;
			sourceTree = "<group>";
		};
		71D0701F267AF74D00529A69 /* LandmarksAppUITests */ = {
			isa = PBXGroup;
			children = (
				71D07020267AF74D00529A69 /* LandmarksAppUITests.swift */,
				71D07022267AF74D00529A69 /* Info.plist */,
			);
			path = LandmarksAppUITests;
			sourceTree = "<group>";
		};
		71D0703B267B229C00529A69 /* Model */ = {
			isa = PBXGroup;
			children = (
				71D07044267B232100529A69 /* Landmark.swift */,
				71D07072267B2BE600529A69 /* ModelData.swift */,
				71407CDA267C856800AEDCDA /* Hike.swift */,
				71DF88052681AE050095F474 /* Profile.swift */,
			);
			path = Model;
			sourceTree = "<group>";
		};
		71D07049267B238A00529A69 /* Resources */ = {
			isa = PBXGroup;
			children = (
				71D0704A267B239B00529A69 /* landmarkData.json */,
				71407CDF267C867500AEDCDA /* hikeData.json */,
				71D07069267B23B200529A69 /* LICENSE */,
			);
			path = Resources;
			sourceTree = "<group>";
		};
		71D07069267B23B200529A69 /* LICENSE */ = {
			isa = PBXGroup;
			children = (
				71D0706A267B23B200529A69 /* LICENSE.txt */,
			);
			path = LICENSE;
			sourceTree = "<group>";
		};
		71D07077267B2DBB00529A69 /* Views */ = {
			isa = PBXGroup;
			children = (
				71DF88222681C7E70095F474 /* PageView */,
				71DF880A2681AF450095F474 /* Profiles */,
				71DF87EC2680A1760095F474 /* Categories */,
				71407CF7267C900F00AEDCDA /* Hikes */,
				71407CC7267C784800AEDCDA /* Badges */,
				71D07005267AF74A00529A69 /* ContentView.swift */,
				71D07090267C36EB00529A69 /* Helpers */,
				71D0708F267C36CA00529A69 /* Landmarks */,
			);
			path = Views;
			sourceTree = "<group>";
		};
		71D0708F267C36CA00529A69 /* Landmarks */ = {
			isa = PBXGroup;
			children = (
				71D0707B267B2E6900529A69 /* LandmarkRow.swift */,
				71D07080267B325000529A69 /* LandmarkList.swift */,
				71D07085267B352A00529A69 /* LandmarkDetail.swift */,
			);
			path = Landmarks;
			sourceTree = "<group>";
		};
		71D07090267C36EB00529A69 /* Helpers */ = {
			isa = PBXGroup;
			children = (
				71D07031267AFB2F00529A69 /* CircleImage.swift */,
				71D07036267AFCD200529A69 /* MapView.swift */,
				71D0708A267B629700529A69 /* FavoriteButton.swift */,
			);
			path = Helpers;
			sourceTree = "<group>";
		};
		71DF87EC2680A1760095F474 /* Categories */ = {
			isa = PBXGroup;
			children = (
				71DF87ED2680A1840095F474 /* CategoryHome.swift */,
				71DF87F22680E2A30095F474 /* CategoryRow.swift */,
				71DF87F72680F01A0095F474 /* CategoryItem.swift */,
			);
			path = Categories;
			sourceTree = "<group>";
		};
		71DF880A2681AF450095F474 /* Profiles */ = {
			isa = PBXGroup;
			children = (
				71DF880B2681AF610095F474 /* ProfileHost.swift */,
				71DF88132681AFF10095F474 /* ProfileSummary.swift */,
				71DF881D2681BDD70095F474 /* ProfileEditor.swift */,
			);
			path = Profiles;
			sourceTree = "<group>";
		};
		71DF88222681C7E70095F474 /* PageView */ = {
			isa = PBXGroup;
			children = (
				71DF88232681C7F70095F474 /* PageViewController.swift */,
				71DF882B2681CAEC0095F474 /* FeatureCard.swift */,
				71DF88302681D1A80095F474 /* PageView.swift */,
				71DF88352681DA910095F474 /* PageControl.swift */,
			);
			path = PageView;
			sourceTree = "<group>";
		};
/* End PBXGroup section */

/* Begin PBXNativeTarget section */
		71D06FFF267AF74A00529A69 /* LandmarksApp */ = {
			isa = PBXNativeTarget;
			buildConfigurationList = 71D07025267AF74D00529A69 /* Build configuration list for PBXNativeTarget "LandmarksApp" */;
			buildPhases = (
				71D06FFC267AF74A00529A69 /* Sources */,
				71D06FFD267AF74A00529A69 /* Frameworks */,
				71D06FFE267AF74A00529A69 /* Resources */,
				71BD530926848FCB00717AE2 /* Embed Watch Content */,
			);
			buildRules = (
			);
			dependencies = (
			);
			name = LandmarksApp;
			productName = LandmarksApp;
			productReference = 71D07000267AF74A00529A69 /* LandmarksApp.app */;
			productType = "com.apple.product-type.application";
		};
		71D07010267AF74D00529A69 /* LandmarksAppTests */ = {
			isa = PBXNativeTarget;
			buildConfigurationList = 71D07028267AF74D00529A69 /* Build configuration list for PBXNativeTarget "LandmarksAppTests" */;
			buildPhases = (
				71D0700D267AF74D00529A69 /* Sources */,
				71D0700E267AF74D00529A69 /* Frameworks */,
				71D0700F267AF74D00529A69 /* Resources */,
			);
			buildRules = (
			);
			dependencies = (
				71D07013267AF74D00529A69 /* PBXTargetDependency */,
			);
			name = LandmarksAppTests;
			productName = LandmarksAppTests;
			productReference = 71D07011267AF74D00529A69 /* LandmarksAppTests.xctest */;
			productType = "com.apple.product-type.bundle.unit-test";
		};
		71D0701B267AF74D00529A69 /* LandmarksAppUITests */ = {
			isa = PBXNativeTarget;
			buildConfigurationList = 71D0702B267AF74D00529A69 /* Build configuration list for PBXNativeTarget "LandmarksAppUITests" */;
			buildPhases = (
				71D07018267AF74D00529A69 /* Sources */,
				71D07019267AF74D00529A69 /* Frameworks */,
				71D0701A267AF74D00529A69 /* Resources */,
			);
			buildRules = (
			);
			dependencies = (
				71D0701E267AF74D00529A69 /* PBXTargetDependency */,
			);
			name = LandmarksAppUITests;
			productName = LandmarksAppUITests;
			productReference = 71D0701C267AF74D00529A69 /* LandmarksAppUITests.xctest */;
			productType = "com.apple.product-type.bundle.ui-testing";
		};
/* End PBXNativeTarget section */

/* Begin PBXProject section */
		71D06FF8267AF74A00529A69 /* Project object */ = {
			isa = PBXProject;
			attributes = {
				LastSwiftUpdateCheck = 1240;
				LastUpgradeCheck = 1240;
				TargetAttributes = {
					71D06FFF267AF74A00529A69 = {
						CreatedOnToolsVersion = 12.4;
					};
					71D07010267AF74D00529A69 = {
						CreatedOnToolsVersion = 12.4;
						TestTargetID = 71D06FFF267AF74A00529A69;
					};
					71D0701B267AF74D00529A69 = {
						CreatedOnToolsVersion = 12.4;
						TestTargetID = 71D06FFF267AF74A00529A69;
					};
				};
			};
			buildConfigurationList = 71D06FFB267AF74A00529A69 /* Build configuration list for PBXProject "LandmarksApp" */;
			compatibilityVersion = "Xcode 9.3";
			developmentRegion = en;
			hasScannedForEncodings = 0;
			knownRegions = (
				en,
				Base,
			);
			mainGroup = 71D06FF7267AF74A00529A69;
			productRefGroup = 71D07001267AF74A00529A69 /* Products */;
			projectDirPath = "";
			projectRoot = "";
			targets = (
				71D06FFF267AF74A00529A69 /* LandmarksApp */,
				71D07010267AF74D00529A69 /* LandmarksAppTests */,
				71D0701B267AF74D00529A69 /* LandmarksAppUITests */,
			);
		};
/* End PBXProject section */

/* Begin PBXResourcesBuildPhase section */
		71D06FFE267AF74A00529A69 /* Resources */ = {
			isa = PBXResourcesBuildPhase;
			buildActionMask = 2147483647;
			files = (
				71D0700B267AF74C00529A69 /* Preview Assets.xcassets in Resources */,
				71D0706B267B23B200529A69 /* LICENSE.txt in Resources */,
				71D07008267AF74C00529A69 /* Assets.xcassets in Resources */,
				71D0704B267B239B00529A69 /* landmarkData.json in Resources */,
				71407CE0267C867500AEDCDA /* hikeData.json in Resources */,
			);
			runOnlyForDeploymentPostprocessing = 0;
		};
		71D0700F267AF74D00529A69 /* Resources */ = {
			isa = PBXResourcesBuildPhase;
			buildActionMask = 2147483647;
			files = (
			);
			runOnlyForDeploymentPostprocessing = 0;
		};
		71D0701A267AF74D00529A69 /* Resources */ = {
			isa = PBXResourcesBuildPhase;
			buildActionMask = 2147483647;
			files = (
			);
			runOnlyForDeploymentPostprocessing = 0;
		};
/* End PBXResourcesBuildPhase section */

/* Begin PBXSourcesBuildPhase section */
		71D06FFC267AF74A00529A69 /* Sources */ = {
			isa = PBXSourcesBuildPhase;
			buildActionMask = 2147483647;
			files = (
				71DF87F32680E2A30095F474 /* CategoryRow.swift in Sources */,
				71DF88062681AE050095F474 /* Profile.swift in Sources */,
				71DF87E526809AC80095F474 /* GraphCapsule.swift in Sources */,
				71DF87EE2680A1840095F474 /* CategoryHome.swift in Sources */,
				71DF882C2681CAEC0095F474 /* FeatureCard.swift in Sources */,
				71D07006267AF74A00529A69 /* ContentView.swift in Sources */,
				71407CF2267C893400AEDCDA /* HikeGraph.swift in Sources */,
				71407CD6267C805000AEDCDA /* Badge.swift in Sources */,
				71D07037267AFCD200529A69 /* MapView.swift in Sources */,
				71D07004267AF74A00529A69 /* LandmarksAppApp.swift in Sources */,
				71DF88362681DA910095F474 /* PageControl.swift in Sources */,
				71D0708B267B629800529A69 /* FavoriteButton.swift in Sources */,
				71DF87F82680F01A0095F474 /* CategoryItem.swift in Sources */,
				71407CED267C88B700AEDCDA /* HikeView.swift in Sources */,
				71DF88142681AFF10095F474 /* ProfileSummary.swift in Sources */,
				71DF87E0268098500095F474 /* HikeDetail.swift in Sources */,
				71DF880C2681AF610095F474 /* ProfileHost.swift in Sources */,
				71D07098267C3D1600529A69 /* HexagonParameters.swift in Sources */,
				71407CDB267C856800AEDCDA /* Hike.swift in Sources */,
				71DF88312681D1A80095F474 /* PageView.swift in Sources */,
				71407CD1267C7FB300AEDCDA /* RotatedBadgeSymbol.swift in Sources */,
				71DF881E2681BDD70095F474 /* ProfileEditor.swift in Sources */,
				71407CCC267C7CA600AEDCDA /* BadgeSymbol.swift in Sources */,
				71D07081267B325000529A69 /* LandmarkList.swift in Sources */,
				71D07086267B352A00529A69 /* LandmarkDetail.swift in Sources */,
				71DF88242681C7F70095F474 /* PageViewController.swift in Sources */,
				71D0709D267C3FCA00529A69 /* BadgeBackground.swift in Sources */,
				71DF88192681B2060095F474 /* HikeBadge.swift in Sources */,
				71D07032267AFB2F00529A69 /* CircleImage.swift in Sources */,
				71D07045267B232100529A69 /* Landmark.swift in Sources */,
				71D0707C267B2E6900529A69 /* LandmarkRow.swift in Sources */,
				71D07073267B2BE600529A69 /* ModelData.swift in Sources */,
			);
			runOnlyForDeploymentPostprocessing = 0;
		};
		71D0700D267AF74D00529A69 /* Sources */ = {
			isa = PBXSourcesBuildPhase;
			buildActionMask = 2147483647;
			files = (
				71D07016267AF74D00529A69 /* LandmarksAppTests.swift in Sources */,
			);
			runOnlyForDeploymentPostprocessing = 0;
		};
		71D07018267AF74D00529A69 /* Sources */ = {
			isa = PBXSourcesBuildPhase;
			buildActionMask = 2147483647;
			files = (
				71D07021267AF74D00529A69 /* LandmarksAppUITests.swift in Sources */,
			);
			runOnlyForDeploymentPostprocessing = 0;
		};
/* End PBXSourcesBuildPhase section */

/* Begin PBXTargetDependency section */
		71D07013267AF74D00529A69 /* PBXTargetDependency */ = {
			isa = PBXTargetDependency;
			target = 71D06FFF267AF74A00529A69 /* LandmarksApp */;
			targetProxy = 71D07012267AF74D00529A69 /* PBXContainerItemProxy */;
		};
		71D0701E267AF74D00529A69 /* PBXTargetDependency */ = {
			isa = PBXTargetDependency;
			target = 71D06FFF267AF74A00529A69 /* LandmarksApp */;
			targetProxy = 71D0701D267AF74D00529A69 /* PBXContainerItemProxy */;
		};
/* End PBXTargetDependency section */

/* Begin XCBuildConfiguration section */
		71D07023267AF74D00529A69 /* Debug */ = {
			isa = XCBuildConfiguration;
			buildSettings = {
				ALWAYS_SEARCH_USER_PATHS = NO;
				CLANG_ANALYZER_NONNULL = YES;
				CLANG_ANALYZER_NUMBER_OBJECT_CONVERSION = YES_AGGRESSIVE;
				CLANG_CXX_LANGUAGE_STANDARD = "gnu++14";
				CLANG_CXX_LIBRARY = "libc++";
				CLANG_ENABLE_MODULES = YES;
				CLANG_ENABLE_OBJC_ARC = YES;
				CLANG_ENABLE_OBJC_WEAK = YES;
				CLANG_WARN_BLOCK_CAPTURE_AUTORELEASING = YES;
				CLANG_WARN_BOOL_CONVERSION = YES;
				CLANG_WARN_COMMA = YES;
				CLANG_WARN_CONSTANT_CONVERSION = YES;
				CLANG_WARN_DEPRECATED_OBJC_IMPLEMENTATIONS = YES;
				CLANG_WARN_DIRECT_OBJC_ISA_USAGE = YES_ERROR;
				CLANG_WARN_DOCUMENTATION_COMMENTS = YES;
				CLANG_WARN_EMPTY_BODY = YES;
				CLANG_WARN_ENUM_CONVERSION = YES;
				CLANG_WARN_INFINITE_RECURSION = YES;
				CLANG_WARN_INT_CONVERSION = YES;
				CLANG_WARN_NON_LITERAL_NULL_CONVERSION = YES;
				CLANG_WARN_OBJC_IMPLICIT_RETAIN_SELF = YES;
				CLANG_WARN_OBJC_LITERAL_CONVERSION = YES;
				CLANG_WARN_OBJC_ROOT_CLASS = YES_ERROR;
				CLANG_WARN_QUOTED_INCLUDE_IN_FRAMEWORK_HEADER = YES;
				CLANG_WARN_RANGE_LOOP_ANALYSIS = YES;
				CLANG_WARN_STRICT_PROTOTYPES = YES;
				CLANG_WARN_SUSPICIOUS_MOVE = YES;
				CLANG_WARN_UNGUARDED_AVAILABILITY = YES_AGGRESSIVE;
				CLANG_WARN_UNREACHABLE_CODE = YES;
				CLANG_WARN__DUPLICATE_METHOD_MATCH = YES;
				COPY_PHASE_STRIP = NO;
				DEBUG_INFORMATION_FORMAT = dwarf;
				ENABLE_STRICT_OBJC_MSGSEND = YES;
				ENABLE_TESTABILITY = YES;
				GCC_C_LANGUAGE_STANDARD = gnu11;
				GCC_DYNAMIC_NO_PIC = NO;
				GCC_NO_COMMON_BLOCKS = YES;
				GCC_OPTIMIZATION_LEVEL = 0;
				GCC_PREPROCESSOR_DEFINITIONS = (
					"DEBUG=1",
					"$(inherited)",
				);
				GCC_WARN_64_TO_32_BIT_CONVERSION = YES;
				GCC_WARN_ABOUT_RETURN_TYPE = YES_ERROR;
				GCC_WARN_UNDECLARED_SELECTOR = YES;
				GCC_WARN_UNINITIALIZED_AUTOS = YES_AGGRESSIVE;
				GCC_WARN_UNUSED_FUNCTION = YES;
				GCC_WARN_UNUSED_VARIABLE = YES;
				IPHONEOS_DEPLOYMENT_TARGET = 14.4;
				MTL_ENABLE_DEBUG_INFO = INCLUDE_SOURCE;
				MTL_FAST_MATH = YES;
				ONLY_ACTIVE_ARCH = YES;
				SDKROOT = iphoneos;
				SWIFT_ACTIVE_COMPILATION_CONDITIONS = DEBUG;
				SWIFT_OPTIMIZATION_LEVEL = "-Onone";
			};
			name = Debug;
		};
		71D07024267AF74D00529A69 /* Release */ = {
			isa = XCBuildConfiguration;
			buildSettings = {
				ALWAYS_SEARCH_USER_PATHS = NO;
				CLANG_ANALYZER_NONNULL = YES;
				CLANG_ANALYZER_NUMBER_OBJECT_CONVERSION = YES_AGGRESSIVE;
				CLANG_CXX_LANGUAGE_STANDARD = "gnu++14";
				CLANG_CXX_LIBRARY = "libc++";
				CLANG_ENABLE_MODULES = YES;
				CLANG_ENABLE_OBJC_ARC = YES;
				CLANG_ENABLE_OBJC_WEAK = YES;
				CLANG_WARN_BLOCK_CAPTURE_AUTORELEASING = YES;
				CLANG_WARN_BOOL_CONVERSION = YES;
				CLANG_WARN_COMMA = YES;
				CLANG_WARN_CONSTANT_CONVERSION = YES;
				CLANG_WARN_DEPRECATED_OBJC_IMPLEMENTATIONS = YES;
				CLANG_WARN_DIRECT_OBJC_ISA_USAGE = YES_ERROR;
				CLANG_WARN_DOCUMENTATION_COMMENTS = YES;
				CLANG_WARN_EMPTY_BODY = YES;
				CLANG_WARN_ENUM_CONVERSION = YES;
				CLANG_WARN_INFINITE_RECURSION = YES;
				CLANG_WARN_INT_CONVERSION = YES;
				CLANG_WARN_NON_LITERAL_NULL_CONVERSION = YES;
				CLANG_WARN_OBJC_IMPLICIT_RETAIN_SELF = YES;
				CLANG_WARN_OBJC_LITERAL_CONVERSION = YES;
				CLANG_WARN_OBJC_ROOT_CLASS = YES_ERROR;
				CLANG_WARN_QUOTED_INCLUDE_IN_FRAMEWORK_HEADER = YES;
				CLANG_WARN_RANGE_LOOP_ANALYSIS = YES;
				CLANG_WARN_STRICT_PROTOTYPES = YES;
				CLANG_WARN_SUSPICIOUS_MOVE = YES;
				CLANG_WARN_UNGUARDED_AVAILABILITY = YES_AGGRESSIVE;
				CLANG_WARN_UNREACHABLE_CODE = YES;
				CLANG_WARN__DUPLICATE_METHOD_MATCH = YES;
				COPY_PHASE_STRIP = NO;
				DEBUG_INFORMATION_FORMAT = "dwarf-with-dsym";
				ENABLE_NS_ASSERTIONS = NO;
				ENABLE_STRICT_OBJC_MSGSEND = YES;
				GCC_C_LANGUAGE_STANDARD = gnu11;
				GCC_NO_COMMON_BLOCKS = YES;
				GCC_WARN_64_TO_32_BIT_CONVERSION = YES;
				GCC_WARN_ABOUT_RETURN_TYPE = YES_ERROR;
				GCC_WARN_UNDECLARED_SELECTOR = YES;
				GCC_WARN_UNINITIALIZED_AUTOS = YES_AGGRESSIVE;
				GCC_WARN_UNUSED_FUNCTION = YES;
				GCC_WARN_UNUSED_VARIABLE = YES;
				IPHONEOS_DEPLOYMENT_TARGET = 14.4;
				MTL_ENABLE_DEBUG_INFO = NO;
				MTL_FAST_MATH = YES;
				SDKROOT = iphoneos;
				SWIFT_COMPILATION_MODE = wholemodule;
				SWIFT_OPTIMIZATION_LEVEL = "-O";
				VALIDATE_PRODUCT = YES;
			};
			name = Release;
		};
		71D07026267AF74D00529A69 /* Debug */ = {
			isa = XCBuildConfiguration;
			buildSettings = {
				ASSETCATALOG_COMPILER_APPICON_NAME = AppIcon;
				ASSETCATALOG_COMPILER_GLOBAL_ACCENT_COLOR_NAME = AccentColor;
				CODE_SIGN_STYLE = Automatic;
				DEVELOPMENT_ASSET_PATHS = "\"LandmarksApp/Preview Content\"";
				DEVELOPMENT_TEAM = 6Z288M9E85;
				ENABLE_PREVIEWS = YES;
				INFOPLIST_FILE = LandmarksApp/Info.plist;
				IPHONEOS_DEPLOYMENT_TARGET = 14.0;
				LD_RUNPATH_SEARCH_PATHS = (
					"$(inherited)",
					"@executable_path/Frameworks",
				);
				PRODUCT_BUNDLE_IDENTIFIER = "snow-wolf.LandmarksApp";
				PRODUCT_NAME = "$(TARGET_NAME)";
				SWIFT_VERSION = 5.0;
				TARGETED_DEVICE_FAMILY = "1,2";
			};
			name = Debug;
		};
		71D07027267AF74D00529A69 /* Release */ = {
			isa = XCBuildConfiguration;
			buildSettings = {
				ASSETCATALOG_COMPILER_APPICON_NAME = AppIcon;
				ASSETCATALOG_COMPILER_GLOBAL_ACCENT_COLOR_NAME = AccentColor;
				CODE_SIGN_STYLE = Automatic;
				DEVELOPMENT_ASSET_PATHS = "\"LandmarksApp/Preview Content\"";
				DEVELOPMENT_TEAM = 6Z288M9E85;
				ENABLE_PREVIEWS = YES;
				INFOPLIST_FILE = LandmarksApp/Info.plist;
				IPHONEOS_DEPLOYMENT_TARGET = 14.0;
				LD_RUNPATH_SEARCH_PATHS = (
					"$(inherited)",
					"@executable_path/Frameworks",
				);
				PRODUCT_BUNDLE_IDENTIFIER = "snow-wolf.LandmarksApp";
				PRODUCT_NAME = "$(TARGET_NAME)";
				SWIFT_VERSION = 5.0;
				TARGETED_DEVICE_FAMILY = "1,2";
			};
			name = Release;
		};
		71D07029267AF74D00529A69 /* Debug */ = {
			isa = XCBuildConfiguration;
			buildSettings = {
				ALWAYS_EMBED_SWIFT_STANDARD_LIBRARIES = YES;
				BUNDLE_LOADER = "$(TEST_HOST)";
				CODE_SIGN_STYLE = Automatic;
				DEVELOPMENT_TEAM = 6Z288M9E85;
				INFOPLIST_FILE = LandmarksAppTests/Info.plist;
				IPHONEOS_DEPLOYMENT_TARGET = 14.0;
				LD_RUNPATH_SEARCH_PATHS = (
					"$(inherited)",
					"@executable_path/Frameworks",
					"@loader_path/Frameworks",
				);
				PRODUCT_BUNDLE_IDENTIFIER = "snow-wolf.LandmarksAppTests";
				PRODUCT_NAME = "$(TARGET_NAME)";
				SWIFT_VERSION = 5.0;
				TARGETED_DEVICE_FAMILY = "1,2";
				TEST_HOST = "$(BUILT_PRODUCTS_DIR)/LandmarksApp.app/LandmarksApp";
			};
			name = Debug;
		};
		71D0702A267AF74D00529A69 /* Release */ = {
			isa = XCBuildConfiguration;
			buildSettings = {
				ALWAYS_EMBED_SWIFT_STANDARD_LIBRARIES = YES;
				BUNDLE_LOADER = "$(TEST_HOST)";
				CODE_SIGN_STYLE = Automatic;
				DEVELOPMENT_TEAM = 6Z288M9E85;
				INFOPLIST_FILE = LandmarksAppTests/Info.plist;
				IPHONEOS_DEPLOYMENT_TARGET = 14.0;
				LD_RUNPATH_SEARCH_PATHS = (
					"$(inherited)",
					"@executable_path/Frameworks",
					"@loader_path/Frameworks",
				);
				PRODUCT_BUNDLE_IDENTIFIER = "snow-wolf.LandmarksAppTests";
				PRODUCT_NAME = "$(TARGET_NAME)";
				SWIFT_VERSION = 5.0;
				TARGETED_DEVICE_FAMILY = "1,2";
				TEST_HOST = "$(BUILT_PRODUCTS_DIR)/LandmarksApp.app/LandmarksApp";
			};
			name = Release;
		};
		71D0702C267AF74D00529A69 /* Debug */ = {
			isa = XCBuildConfiguration;
			buildSettings = {
				ALWAYS_EMBED_SWIFT_STANDARD_LIBRARIES = YES;
				CODE_SIGN_STYLE = Automatic;
				DEVELOPMENT_TEAM = 6Z288M9E85;
				INFOPLIST_FILE = LandmarksAppUITests/Info.plist;
				LD_RUNPATH_SEARCH_PATHS = (
					"$(inherited)",
					"@executable_path/Frameworks",
					"@loader_path/Frameworks",
				);
				PRODUCT_BUNDLE_IDENTIFIER = "snow-wolf.LandmarksAppUITests";
				PRODUCT_NAME = "$(TARGET_NAME)";
				SWIFT_VERSION = 5.0;
				TARGETED_DEVICE_FAMILY = "1,2";
				TEST_TARGET_NAME = LandmarksApp;
			};
			name = Debug;
		};
		71D0702D267AF74D00529A69 /* Release */ = {
			isa = XCBuildConfiguration;
			buildSettings = {
				ALWAYS_EMBED_SWIFT_STANDARD_LIBRARIES = YES;
				CODE_SIGN_STYLE = Automatic;
				DEVELOPMENT_TEAM = 6Z288M9E85;
				INFOPLIST_FILE = LandmarksAppUITests/Info.plist;
				LD_RUNPATH_SEARCH_PATHS = (
					"$(inherited)",
					"@executable_path/Frameworks",
					"@loader_path/Frameworks",
				);
				PRODUCT_BUNDLE_IDENTIFIER = "snow-wolf.LandmarksAppUITests";
				PRODUCT_NAME = "$(TARGET_NAME)";
				SWIFT_VERSION = 5.0;
				TARGETED_DEVICE_FAMILY = "1,2";
				TEST_TARGET_NAME = LandmarksApp;
			};
			name = Release;
		};
/* End XCBuildConfiguration section */

/* Begin XCConfigurationList section */
		71D06FFB267AF74A00529A69 /* Build configuration list for PBXProject "LandmarksApp" */ = {
			isa = XCConfigurationList;
			buildConfigurations = (
				71D07023267AF74D00529A69 /* Debug */,
				71D07024267AF74D00529A69 /* Release */,
			);
			defaultConfigurationIsVisible = 0;
			defaultConfigurationName = Release;
		};
		71D07025267AF74D00529A69 /* Build configuration list for PBXNativeTarget "LandmarksApp" */ = {
			isa = XCConfigurationList;
			buildConfigurations = (
				71D07026267AF74D00529A69 /* Debug */,
				71D07027267AF74D00529A69 /* Release */,
			);
			defaultConfigurationIsVisible = 0;
			defaultConfigurationName = Release;
		};
		71D07028267AF74D00529A69 /* Build configuration list for PBXNativeTarget "LandmarksAppTests" */ = {
			isa = XCConfigurationList;
			buildConfigurations = (
				71D07029267AF74D00529A69 /* Debug */,
				71D0702A267AF74D00529A69 /* Release */,
			);
			defaultConfigurationIsVisible = 0;
			defaultConfigurationName = Release;
		};
		71D0702B267AF74D00529A69 /* Build configuration list for PBXNativeTarget "LandmarksAppUITests" */ = {
			isa = XCConfigurationList;
			buildConfigurations = (
				71D0702C267AF74D00529A69 /* Debug */,
				71D0702D267AF74D00529A69 /* Release */,
			);
			defaultConfigurationIsVisible = 0;
			defaultConfigurationName = Release;
		};
/* End XCConfigurationList section */
	};
	rootObject = 71D06FF8267AF74A00529A69 /* Project object */;
}
